// !$*UTF8*$!
{
	archiveVersion = 1;
	classes = {
	};
	objectVersion = 51;
	objects = {

/* Begin PBXBuildFile section */
		6853F6DA21A10AAE9D6B97BE /* Pods_HelloOAuth.framework in Frameworks */ = {isa = PBXBuildFile; fileRef = B860AE9DDE7F3DB0BBF353F4 /* Pods_HelloOAuth.framework */; };
		BAA1F14C244AADAA00EAC4F1 /* AppDelegate.swift in Sources */ = {isa = PBXBuildFile; fileRef = BAA1F14B244AADAA00EAC4F1 /* AppDelegate.swift */; };
		BAA1F14E244AADAA00EAC4F1 /* SceneDelegate.swift in Sources */ = {isa = PBXBuildFile; fileRef = BAA1F14D244AADAA00EAC4F1 /* SceneDelegate.swift */; };
		BAA1F150244AADAA00EAC4F1 /* ViewController.swift in Sources */ = {isa = PBXBuildFile; fileRef = BAA1F14F244AADAA00EAC4F1 /* ViewController.swift */; };
		BAA1F153244AADAA00EAC4F1 /* Main.storyboard in Resources */ = {isa = PBXBuildFile; fileRef = BAA1F151244AADAA00EAC4F1 /* Main.storyboard */; };
		BAA1F155244AADAC00EAC4F1 /* Assets.xcassets in Resources */ = {isa = PBXBuildFile; fileRef = BAA1F154244AADAC00EAC4F1 /* Assets.xcassets */; };
		BAA1F158244AADAC00EAC4F1 /* LaunchScreen.storyboard in Resources */ = {isa = PBXBuildFile; fileRef = BAA1F156244AADAC00EAC4F1 /* LaunchScreen.storyboard */; };
		BAA1F164244AB05000EAC4F1 /* GoogleService-Info.plist in Resources */ = {isa = PBXBuildFile; fileRef = BAA1F163244AB05000EAC4F1 /* GoogleService-Info.plist */; };
/* End PBXBuildFile section */

/* Begin PBXFileReference section */
		8F0A04CD2454193ADCF28BD5 /* Pods-HelloOAuth.debug.xcconfig */ = {isa = PBXFileReference; includeInIndex = 1; lastKnownFileType = text.xcconfig; name = "Pods-HelloOAuth.debug.xcconfig"; path = "Target Support Files/Pods-HelloOAuth/Pods-HelloOAuth.debug.xcconfig"; sourceTree = "<group>"; };
		B860AE9DDE7F3DB0BBF353F4 /* Pods_HelloOAuth.framework */ = {isa = PBXFileReference; explicitFileType = wrapper.framework; includeInIndex = 0; path = Pods_HelloOAuth.framework; sourceTree = BUILT_PRODUCTS_DIR; };
		BAA1F148244AADAA00EAC4F1 /* HelloOAuth.app */ = {isa = PBXFileReference; explicitFileType = wrapper.application; includeInIndex = 0; path = HelloOAuth.app; sourceTree = BUILT_PRODUCTS_DIR; };
		BAA1F14B244AADAA00EAC4F1 /* AppDelegate.swift */ = {isa = PBXFileReference; lastKnownFileType = sourcecode.swift; path = AppDelegate.swift; sourceTree = "<group>"; };
		BAA1F14D244AADAA00EAC4F1 /* SceneDelegate.swift */ = {isa = PBXFileReference; lastKnownFileType = sourcecode.swift; path = SceneDelegate.swift; sourceTree = "<group>"; };
		BAA1F14F244AADAA00EAC4F1 /* ViewController.swift */ = {isa = PBXFileReference; lastKnownFileType = sourcecode.swift; path = ViewController.swift; sourceTree = "<group>"; };
		BAA1F152244AADAA00EAC4F1 /* Base */ = {isa = PBXFileReference; lastKnownFileType = file.storyboard; name = Base; path = Base.lproj/Main.storyboard; sourceTree = "<group>"; };
		BAA1F154244AADAC00EAC4F1 /* Assets.xcassets */ = {isa = PBXFileReference; lastKnownFileType = folder.assetcatalog; path = Assets.xcassets; sourceTree = "<group>"; };
		BAA1F157244AADAC00EAC4F1 /* Base */ = {isa = PBXFileReference; lastKnownFileType = file.storyboard; name = Base; path = Base.lproj/LaunchScreen.storyboard; sourceTree = "<group>"; };
		BAA1F159244AADAC00EAC4F1 /* Info.plist */ = {isa = PBXFileReference; lastKnownFileType = text.plist.xml; path = Info.plist; sourceTree = "<group>"; };
		BAA1F163244AB05000EAC4F1 /* GoogleService-Info.plist */ = {isa = PBXFileReference; fileEncoding = 4; lastKnownFileType = text.plist.xml; path = "GoogleService-Info.plist"; sourceTree = "<group>"; };
		F98AECF155D988BD7EF875EA /* Pods-HelloOAuth.release.xcconfig */ = {isa = PBXFileReference; includeInIndex = 1; lastKnownFileType = text.xcconfig; name = "Pods-HelloOAuth.release.xcconfig"; path = "Target Support Files/Pods-HelloOAuth/Pods-HelloOAuth.release.xcconfig"; sourceTree = "<group>"; };
/* End PBXFileReference section */

/* Begin PBXFrameworksBuildPhase section */
		BAA1F145244AADAA00EAC4F1 /* Frameworks */ = {
			isa = PBXFrameworksBuildPhase;
			buildActionMask = 2147483647;
			files = (
				6853F6DA21A10AAE9D6B97BE /* Pods_HelloOAuth.framework in Frameworks */,
			);
			runOnlyForDeploymentPostprocessing = 0;
		};
/* End PBXFrameworksBuildPhase section */

/* Begin PBXGroup section */
		6AF9D0E70D3BF556D86D45C4 /* Pods */ = {
			isa = PBXGroup;
			children = (
				8F0A04CD2454193ADCF28BD5 /* Pods-HelloOAuth.debug.xcconfig */,
				F98AECF155D988BD7EF875EA /* Pods-HelloOAuth.release.xcconfig */,
			);
			path = Pods;
			sourceTree = "<group>";
		};
		77BDB2CCB9F469094638ACD9 /* Frameworks */ = {
			isa = PBXGroup;
			children = (
				B860AE9DDE7F3DB0BBF353F4 /* Pods_HelloOAuth.framework */,
			);
			name = Frameworks;
			sourceTree = "<group>";
		};
		BAA1F13F244AADAA00EAC4F1 = {
			isa = PBXGroup;
			children = (
				BAA1F14A244AADAA00EAC4F1 /* HelloOAuth */,
				BAA1F149244AADAA00EAC4F1 /* Products */,
				6AF9D0E70D3BF556D86D45C4 /* Pods */,
				77BDB2CCB9F469094638ACD9 /* Frameworks */,
			);
			sourceTree = "<group>";
		};
		BAA1F149244AADAA00EAC4F1 /* Products */ = {
			isa = PBXGroup;
			children = (
				BAA1F148244AADAA00EAC4F1 /* HelloOAuth.app */,
			);
			name = Products;
			sourceTree = "<group>";
		};
		BAA1F14A244AADAA00EAC4F1 /* HelloOAuth */ = {
			isa = PBXGroup;
			children = (
				BAA1F14B244AADAA00EAC4F1 /* AppDelegate.swift */,
				BAA1F14D244AADAA00EAC4F1 /* SceneDelegate.swift */,
				BAA1F14F244AADAA00EAC4F1 /* ViewController.swift */,
				BAA1F151244AADAA00EAC4F1 /* Main.storyboard */,
				BAA1F154244AADAC00EAC4F1 /* Assets.xcassets */,
				BAA1F156244AADAC00EAC4F1 /* LaunchScreen.storyboard */,
				BAA1F159244AADAC00EAC4F1 /* Info.plist */,
				BAA1F163244AB05000EAC4F1 /* GoogleService-Info.plist */,
			);
			path = HelloOAuth;
			sourceTree = "<group>";
		};
/* End PBXGroup section */

/* Begin PBXNativeTarget section */
		BAA1F147244AADAA00EAC4F1 /* HelloOAuth */ = {
			isa = PBXNativeTarget;
			buildConfigurationList = BAA1F15C244AADAC00EAC4F1 /* Build configuration list for PBXNativeTarget "HelloOAuth" */;
			buildPhases = (
				A325588148249BBAAF041126 /* [CP] Check Pods Manifest.lock */,
				BAA1F144244AADAA00EAC4F1 /* Sources */,
				BAA1F145244AADAA00EAC4F1 /* Frameworks */,
				BAA1F146244AADAA00EAC4F1 /* Resources */,
				42774CDD1612AA865E47B298 /* [CP] Embed Pods Frameworks */,
				9B2A1D871D227C933BEC7EE4 /* [CP] Copy Pods Resources */,
			);
			buildRules = (
			);
			dependencies = (
			);
			name = HelloOAuth;
			productName = HelloOAuth;
			productReference = BAA1F148244AADAA00EAC4F1 /* HelloOAuth.app */;
			productType = "com.apple.product-type.application";
		};
/* End PBXNativeTarget section */

/* Begin PBXProject section */
		BAA1F140244AADAA00EAC4F1 /* Project object */ = {
			isa = PBXProject;
			attributes = {
				LastSwiftUpdateCheck = 1140;
				LastUpgradeCheck = 1140;
				ORGANIZATIONNAME = "申潤五";
				TargetAttributes = {
					BAA1F147244AADAA00EAC4F1 = {
						CreatedOnToolsVersion = 11.4.1;
					};
				};
			};
			buildConfigurationList = BAA1F143244AADAA00EAC4F1 /* Build configuration list for PBXProject "HelloOAuth" */;
			compatibilityVersion = "Xcode 9.3";
			developmentRegion = en;
			hasScannedForEncodings = 0;
			knownRegions = (
				en,
				Base,
			);
			mainGroup = BAA1F13F244AADAA00EAC4F1;
			productRefGroup = BAA1F149244AADAA00EAC4F1 /* Products */;
			projectDirPath = "";
			projectRoot = "";
			targets = (
				BAA1F147244AADAA00EAC4F1 /* HelloOAuth */,
			);
		};
/* End PBXProject section */

/* Begin PBXResourcesBuildPhase section */
		BAA1F146244AADAA00EAC4F1 /* Resources */ = {
			isa = PBXResourcesBuildPhase;
			buildActionMask = 2147483647;
			files = (
				BAA1F158244AADAC00EAC4F1 /* LaunchScreen.storyboard in Resources */,
				BAA1F164244AB05000EAC4F1 /* GoogleService-Info.plist in Resources */,
				BAA1F155244AADAC00EAC4F1 /* Assets.xcassets in Resources */,
				BAA1F153244AADAA00EAC4F1 /* Main.storyboard in Resources */,
			);
			runOnlyForDeploymentPostprocessing = 0;
		};
/* End PBXResourcesBuildPhase section */

/* Begin PBXShellScriptBuildPhase section */
		42774CDD1612AA865E47B298 /* [CP] Embed Pods Frameworks */ = {
			isa = PBXShellScriptBuildPhase;
			buildActionMask = 2147483647;
			files = (
			);
			inputFileListPaths = (
				"${PODS_ROOT}/Target Support Files/Pods-HelloOAuth/Pods-HelloOAuth-frameworks-${CONFIGURATION}-input-files.xcfilelist",
			);
			name = "[CP] Embed Pods Frameworks";
			outputFileListPaths = (
				"${PODS_ROOT}/Target Support Files/Pods-HelloOAuth/Pods-HelloOAuth-frameworks-${CONFIGURATION}-output-files.xcfilelist",
			);
			runOnlyForDeploymentPostprocessing = 0;
			shellPath = /bin/sh;
			shellScript = "\"${PODS_ROOT}/Target Support Files/Pods-HelloOAuth/Pods-HelloOAuth-frameworks.sh\"\n";
			showEnvVarsInLog = 0;
		};
		9B2A1D871D227C933BEC7EE4 /* [CP] Copy Pods Resources */ = {
			isa = PBXShellScriptBuildPhase;
			buildActionMask = 2147483647;
			files = (
			);
			inputFileListPaths = (
				"${PODS_ROOT}/Target Support Files/Pods-HelloOAuth/Pods-HelloOAuth-resources-${CONFIGURATION}-input-files.xcfilelist",
			);
			name = "[CP] Copy Pods Resources";
			outputFileListPaths = (
				"${PODS_ROOT}/Target Support Files/Pods-HelloOAuth/Pods-HelloOAuth-resources-${CONFIGURATION}-output-files.xcfilelist",
			);
			runOnlyForDeploymentPostprocessing = 0;
			shellPath = /bin/sh;
			shellScript = "\"${PODS_ROOT}/Target Support Files/Pods-HelloOAuth/Pods-HelloOAuth-resources.sh\"\n";
			showEnvVarsInLog = 0;
		};
		A325588148249BBAAF041126 /* [CP] Check Pods Manifest.lock */ = {
			isa = PBXShellScriptBuildPhase;
			buildActionMask = 2147483647;
			files = (
			);
			inputFileListPaths = (
			);
			inputPaths = (
				"${PODS_PODFILE_DIR_PATH}/Podfile.lock",
				"${PODS_ROOT}/Manifest.lock",
			);
			name = "[CP] Check Pods Manifest.lock";
			outputFileListPaths = (
			);
			outputPaths = (
				"$(DERIVED_FILE_DIR)/Pods-HelloOAuth-checkManifestLockResult.txt",
			);
			runOnlyForDeploymentPostprocessing = 0;
			shellPath = /bin/sh;
			shellScript = "diff \"${PODS_PODFILE_DIR_PATH}/Podfile.lock\" \"${PODS_ROOT}/Manifest.lock\" > /dev/null\nif [ $? != 0 ] ; then\n    # print error to STDERR\n    echo \"error: The sandbox is not in sync with the Podfile.lock. Run 'pod install' or update your CocoaPods installation.\" >&2\n    exit 1\nfi\n# This output is used by Xcode 'outputs' to avoid re-running this script phase.\necho \"SUCCESS\" > \"${SCRIPT_OUTPUT_FILE_0}\"\n";
			showEnvVarsInLog = 0;
		};
/* End PBXShellScriptBuildPhase section */

/* Begin PBXSourcesBuildPhase section */
		BAA1F144244AADAA00EAC4F1 /* Sources */ = {
			isa = PBXSourcesBuildPhase;
			buildActionMask = 2147483647;
			files = (
				BAA1F150244AADAA00EAC4F1 /* ViewController.swift in Sources */,
				BAA1F14C244AADAA00EAC4F1 /* AppDelegate.swift in Sources */,
				BAA1F14E244AADAA00EAC4F1 /* SceneDelegate.swift in Sources */,
			);
			runOnlyForDeploymentPostprocessing = 0;
		};
/* End PBXSourcesBuildPhase section */

/* Begin PBXVariantGroup section */
		BAA1F151244AADAA00EAC4F1 /* Main.storyboard */ = {
			isa = PBXVariantGroup;
			children = (
				BAA1F152244AADAA00EAC4F1 /* Base */,
			);
			name = Main.storyboard;
			sourceTree = "<group>";
		};
		BAA1F156244AADAC00EAC4F1 /* LaunchScreen.storyboard */ = {
			isa = PBXVariantGroup;
			children = (
				BAA1F157244AADAC00EAC4F1 /* Base */,
			);
			name = LaunchScreen.storyboard;
			sourceTree = "<group>";
		};
/* End PBXVariantGroup section */

/* Begin XCBuildConfiguration section */
		BAA1F15A244AADAC00EAC4F1 /* Debug */ = {
			isa = XCBuildConfiguration;
			buildSettings = {
				ALWAYS_SEARCH_USER_PATHS = NO;
				CLANG_ANALYZER_NONNULL = YES;
				CLANG_ANALYZER_NUMBER_OBJECT_CONVERSION = YES_AGGRESSIVE;
				CLANG_CXX_LANGUAGE_STANDARD = "gnu++14";
				CLANG_CXX_LIBRARY = "libc++";
				CLANG_ENABLE_MODULES = YES;
				CLANG_ENABLE_OBJC_ARC = YES;
				CLANG_ENABLE_OBJC_WEAK = YES;
				CLANG_WARN_BLOCK_CAPTURE_AUTORELEASING = YES;
				CLANG_WARN_BOOL_CONVERSION = YES;
				CLANG_WARN_COMMA = YES;
				CLANG_WARN_CONSTANT_CONVERSION = YES;
				CLANG_WARN_DEPRECATED_OBJC_IMPLEMENTATIONS = YES;
				CLANG_WARN_DIRECT_OBJC_ISA_USAGE = YES_ERROR;
				CLANG_WARN_DOCUMENTATION_COMMENTS = YES;
				CLANG_WARN_EMPTY_BODY = YES;
				CLANG_WARN_ENUM_CONVERSION = YES;
				CLANG_WARN_INFINITE_RECURSION = YES;
				CLANG_WARN_INT_CONVERSION = YES;
				CLANG_WARN_NON_LITERAL_NULL_CONVERSION = YES;
				CLANG_WARN_OBJC_IMPLICIT_RETAIN_SELF = YES;
				CLANG_WARN_OBJC_LITERAL_CONVERSION = YES;
				CLANG_WARN_OBJC_ROOT_CLASS = YES_ERROR;
				CLANG_WARN_RANGE_LOOP_ANALYSIS = YES;
				CLANG_WARN_STRICT_PROTOTYPES = YES;
				CLANG_WARN_SUSPICIOUS_MOVE = YES;
				CLANG_WARN_UNGUARDED_AVAILABILITY = YES_AGGRESSIVE;
				CLANG_WARN_UNREACHABLE_CODE = YES;
				CLANG_WARN__DUPLICATE_METHOD_MATCH = YES;
				COPY_PHASE_STRIP = NO;
				DEBUG_INFORMATION_FORMAT = dwarf;
				ENABLE_STRICT_OBJC_MSGSEND = YES;
				ENABLE_TESTABILITY = YES;
				GCC_C_LANGUAGE_STANDARD = gnu11;
				GCC_DYNAMIC_NO_PIC = NO;
				GCC_NO_COMMON_BLOCKS = YES;
				GCC_OPTIMIZATION_LEVEL = 0;
				GCC_PREPROCESSOR_DEFINITIONS = (
					"DEBUG=1",
					"$(inherited)",
				);
				GCC_WARN_64_TO_32_BIT_CONVERSION = YES;
				GCC_WARN_ABOUT_RETURN_TYPE = YES_ERROR;
				GCC_WARN_UNDECLARED_SELECTOR = YES;
				GCC_WARN_UNINITIALIZED_AUTOS = YES_AGGRESSIVE;
				GCC_WARN_UNUSED_FUNCTION = YES;
				GCC_WARN_UNUSED_VARIABLE = YES;
				IPHONEOS_DEPLOYMENT_TARGET = 13.4;
				MTL_ENABLE_DEBUG_INFO = INCLUDE_SOURCE;
				MTL_FAST_MATH = YES;
				ONLY_ACTIVE_ARCH = YES;
				SDKROOT = iphoneos;
				SWIFT_ACTIVE_COMPILATION_CONDITIONS = DEBUG;
				SWIFT_OPTIMIZATION_LEVEL = "-Onone";
			};
			name = Debug;
		};
		BAA1F15B244AADAC00EAC4F1 /* Release */ = {
			isa = XCBuildConfiguration;
			buildSettings = {
				ALWAYS_SEARCH_USER_PATHS = NO;
				CLANG_ANALYZER_NONNULL = YES;
				CLANG_ANALYZER_NUMBER_OBJECT_CONVERSION = YES_AGGRESSIVE;
				CLANG_CXX_LANGUAGE_STANDARD = "gnu++14";
				CLANG_CXX_LIBRARY = "libc++";
				CLANG_ENABLE_MODULES = YES;
				CLANG_ENABLE_OBJC_ARC = YES;
				CLANG_ENABLE_OBJC_WEAK = YES;
				CLANG_WARN_BLOCK_CAPTURE_AUTORELEASING = YES;
				CLANG_WARN_BOOL_CONVERSION = YES;
				CLANG_WARN_COMMA = YES;
				CLANG_WARN_CONSTANT_CONVERSION = YES;
				CLANG_WARN_DEPRECATED_OBJC_IMPLEMENTATIONS = YES;
				CLANG_WARN_DIRECT_OBJC_ISA_USAGE = YES_ERROR;
				CLANG_WARN_DOCUMENTATION_COMMENTS = YES;
				CLANG_WARN_EMPTY_BODY = YES;
				CLANG_WARN_ENUM_CONVERSION = YES;
				CLANG_WARN_INFINITE_RECURSION = YES;
				CLANG_WARN_INT_CONVERSION = YES;
				CLANG_WARN_NON_LITERAL_NULL_CONVERSION = YES;
				CLANG_WARN_OBJC_IMPLICIT_RETAIN_SELF = YES;
				CLANG_WARN_OBJC_LITERAL_CONVERSION = YES;
				CLANG_WARN_OBJC_ROOT_CLASS = YES_ERROR;
				CLANG_WARN_RANGE_LOOP_ANALYSIS = YES;
				CLANG_WARN_STRICT_PROTOTYPES = YES;
				CLANG_WARN_SUSPICIOUS_MOVE = YES;
				CLANG_WARN_UNGUARDED_AVAILABILITY = YES_AGGRESSIVE;
				CLANG_WARN_UNREACHABLE_CODE = YES;
				CLANG_WARN__DUPLICATE_METHOD_MATCH = YES;
				COPY_PHASE_STRIP = NO;
				DEBUG_INFORMATION_FORMAT = "dwarf-with-dsym";
				ENABLE_NS_ASSERTIONS = NO;
				ENABLE_STRICT_OBJC_MSGSEND = YES;
				GCC_C_LANGUAGE_STANDARD = gnu11;
				GCC_NO_COMMON_BLOCKS = YES;
				GCC_WARN_64_TO_32_BIT_CONVERSION = YES;
				GCC_WARN_ABOUT_RETURN_TYPE = YES_ERROR;
				GCC_WARN_UNDECLARED_SELECTOR = YES;
				GCC_WARN_UNINITIALIZED_AUTOS = YES_AGGRESSIVE;
				GCC_WARN_UNUSED_FUNCTION = YES;
				GCC_WARN_UNUSED_VARIABLE = YES;
				IPHONEOS_DEPLOYMENT_TARGET = 13.4;
				MTL_ENABLE_DEBUG_INFO = NO;
				MTL_FAST_MATH = YES;
				SDKROOT = iphoneos;
				SWIFT_COMPILATION_MODE = wholemodule;
				SWIFT_OPTIMIZATION_LEVEL = "-O";
				VALIDATE_PRODUCT = YES;
			};
			name = Release;
		};
		BAA1F15D244AADAC00EAC4F1 /* Debug */ = {
			isa = XCBuildConfiguration;
			baseConfigurationReference = 8F0A04CD2454193ADCF28BD5 /* Pods-HelloOAuth.debug.xcconfig */;
			buildSettings = {
				ASSETCATALOG_COMPILER_APPICON_NAME = AppIcon;
				CODE_SIGN_STYLE = Automatic;
				DEVELOPMENT_TEAM = XSVW22JPST;
				INFOPLIST_FILE = HelloOAuth/Info.plist;
				LD_RUNPATH_SEARCH_PATHS = (
					"$(inherited)",
					"@executable_path/Frameworks",
				);
				PRODUCT_BUNDLE_IDENTIFIER = idev.sjw.HelloOAuth;
				PRODUCT_NAME = "$(TARGET_NAME)";
				SWIFT_VERSION = 5.0;
				TARGETED_DEVICE_FAMILY = "1,2";
			};
			name = Debug;
		};
		BAA1F15E244AADAC00EAC4F1 /* Release */ = {
			isa = XCBuildConfiguration;
			baseConfigurationReference = F98AECF155D988BD7EF875EA /* Pods-HelloOAuth.release.xcconfig */;
			buildSettings = {
				ASSETCATALOG_COMPILER_APPICON_NAME = AppIcon;
				CODE_SIGN_STYLE = Automatic;
				DEVELOPMENT_TEAM = XSVW22JPST;
				INFOPLIST_FILE = HelloOAuth/Info.plist;
				LD_RUNPATH_SEARCH_PATHS = (
					"$(inherited)",
					"@executable_path/Frameworks",
				);
				PRODUCT_BUNDLE_IDENTIFIER = idev.sjw.HelloOAuth;
				PRODUCT_NAME = "$(TARGET_NAME)";
				SWIFT_VERSION = 5.0;
				TARGETED_DEVICE_FAMILY = "1,2";
			};
			name = Release;
		};
/* End XCBuildConfiguration section */

/* Begin XCConfigurationList section */
		BAA1F143244AADAA00EAC4F1 /* Build configuration list for PBXProject "HelloOAuth" */ = {
			isa = XCConfigurationList;
			buildConfigurations = (
				BAA1F15A244AADAC00EAC4F1 /* Debug */,
				BAA1F15B244AADAC00EAC4F1 /* Release */,
			);
			defaultConfigurationIsVisible = 0;
			defaultConfigurationName = Release;
		};
		BAA1F15C244AADAC00EAC4F1 /* Build configuration list for PBXNativeTarget "HelloOAuth" */ = {
			isa = XCConfigurationList;
			buildConfigurations = (
				BAA1F15D244AADAC00EAC4F1 /* Debug */,
				BAA1F15E244AADAC00EAC4F1 /* Release */,
			);
			defaultConfigurationIsVisible = 0;
			defaultConfigurationName = Release;
		};
/* End XCConfigurationList section */
	};
	rootObject = BAA1F140244AADAA00EAC4F1 /* Project object */;
}
